// !$*UTF8*$!
{
	archiveVersion = 1;
	classes = {
	};
	objectVersion = 56;
	objects = {

/* Begin PBXBuildFile section */
		A61A0680290EA1B7002A8C7D /* HomeViewController.swift in Sources */ = {isa = PBXBuildFile; fileRef = A61A067F290EA1B7002A8C7D /* HomeViewController.swift */; };
		A61A0687290EA2D0002A8C7D /* HomeViewModel.swift in Sources */ = {isa = PBXBuildFile; fileRef = A61A0686290EA2D0002A8C7D /* HomeViewModel.swift */; };
		A61A0689290EA2F7002A8C7D /* SearchViewController.swift in Sources */ = {isa = PBXBuildFile; fileRef = A61A0688290EA2F7002A8C7D /* SearchViewController.swift */; };
		A61A068B290EA306002A8C7D /* SettingsViewController.swift in Sources */ = {isa = PBXBuildFile; fileRef = A61A068A290EA306002A8C7D /* SettingsViewController.swift */; };
		A655A1B62911B88C001714E5 /* Eureka in Frameworks */ = {isa = PBXBuildFile; productRef = A655A1B52911B88C001714E5 /* Eureka */; };
		A655A1B92911B8C7001714E5 /* ComplaintFormViewController.swift in Sources */ = {isa = PBXBuildFile; fileRef = A655A1B82911B8C7001714E5 /* ComplaintFormViewController.swift */; };
		A67B4765291059B3004B6E1B /* TableViewHeader.swift in Sources */ = {isa = PBXBuildFile; fileRef = A67B4764291059B3004B6E1B /* TableViewHeader.swift */; };
		A67B476A29105EF0004B6E1B /* HeaderCollectionViewCell.swift in Sources */ = {isa = PBXBuildFile; fileRef = A67B476829105EF0004B6E1B /* HeaderCollectionViewCell.swift */; };
		A67B476B29105EF0004B6E1B /* HeaderCollectionViewCell.xib in Resources */ = {isa = PBXBuildFile; fileRef = A67B476929105EF0004B6E1B /* HeaderCollectionViewCell.xib */; };
		A67B476D2910651F004B6E1B /* TrailersCollectionViewHandler.swift in Sources */ = {isa = PBXBuildFile; fileRef = A67B476C2910651F004B6E1B /* TrailersCollectionViewHandler.swift */; };
		A67B476F29106694004B6E1B /* Trailer.swift in Sources */ = {isa = PBXBuildFile; fileRef = A67B476E29106694004B6E1B /* Trailer.swift */; };
		A67B477729110A33004B6E1B /* InTheatersTableViewCell.swift in Sources */ = {isa = PBXBuildFile; fileRef = A67B477529110A33004B6E1B /* InTheatersTableViewCell.swift */; };
		A67B477829110A33004B6E1B /* InTheatersTableViewCell.xib in Resources */ = {isa = PBXBuildFile; fileRef = A67B477629110A33004B6E1B /* InTheatersTableViewCell.xib */; };
		A67B477C29110F29004B6E1B /* Top250TableViewCell.swift in Sources */ = {isa = PBXBuildFile; fileRef = A67B477A29110F29004B6E1B /* Top250TableViewCell.swift */; };
		A67B477D29110F29004B6E1B /* Top250TableViewCell.xib in Resources */ = {isa = PBXBuildFile; fileRef = A67B477B29110F29004B6E1B /* Top250TableViewCell.xib */; };
		A67B478029116146004B6E1B /* TrailersTableViewHeader.swift in Sources */ = {isa = PBXBuildFile; fileRef = A67B477F29116146004B6E1B /* TrailersTableViewHeader.swift */; };
		A67B47822911617A004B6E1B /* TrailersTableViewHeader.xib in Resources */ = {isa = PBXBuildFile; fileRef = A67B47812911617A004B6E1B /* TrailersTableViewHeader.xib */; };
		A6928EB6290EBE3800BB92EB /* CommingSoonTableViewCell.swift in Sources */ = {isa = PBXBuildFile; fileRef = A6928EB4290EBE3800BB92EB /* CommingSoonTableViewCell.swift */; };
		A6928EB7290EBE3800BB92EB /* CommingSoonTableViewCell.xib in Resources */ = {isa = PBXBuildFile; fileRef = A6928EB5290EBE3800BB92EB /* CommingSoonTableViewCell.xib */; };
		A6A9C63B290EC04700CC3462 /* GrossingTableViewCell.swift in Sources */ = {isa = PBXBuildFile; fileRef = A6A9C639290EC04700CC3462 /* GrossingTableViewCell.swift */; };
		A6A9C63C290EC04700CC3462 /* GrossingTableViewCell.xib in Resources */ = {isa = PBXBuildFile; fileRef = A6A9C63A290EC04700CC3462 /* GrossingTableViewCell.xib */; };
		A6A9C641290EC3AB00CC3462 /* MoviesCollectionViewCell.swift in Sources */ = {isa = PBXBuildFile; fileRef = A6A9C63F290EC3AB00CC3462 /* MoviesCollectionViewCell.swift */; };
		A6A9C642290EC3AB00CC3462 /* MoviesCollectionViewCell.xib in Resources */ = {isa = PBXBuildFile; fileRef = A6A9C640290EC3AB00CC3462 /* MoviesCollectionViewCell.xib */; };
		A6A9C646290EC49600CC3462 /* NetworkManager.swift in Sources */ = {isa = PBXBuildFile; fileRef = A6A9C645290EC49600CC3462 /* NetworkManager.swift */; };
		A6A9C64B290ED02400CC3462 /* MoviesTableViewCell.swift in Sources */ = {isa = PBXBuildFile; fileRef = A6A9C649290ED02400CC3462 /* MoviesTableViewCell.swift */; };
		A6A9C64C290ED02400CC3462 /* MoviesTableViewCell.xib in Resources */ = {isa = PBXBuildFile; fileRef = A6A9C64A290ED02400CC3462 /* MoviesTableViewCell.xib */; };
		A6C2B783290E97B500B8491A /* AppDelegate.swift in Sources */ = {isa = PBXBuildFile; fileRef = A6C2B782290E97B500B8491A /* AppDelegate.swift */; };
		A6C2B785290E97B500B8491A /* SceneDelegate.swift in Sources */ = {isa = PBXBuildFile; fileRef = A6C2B784290E97B500B8491A /* SceneDelegate.swift */; };
		A6C2B78A290E97B500B8491A /* Main.storyboard in Resources */ = {isa = PBXBuildFile; fileRef = A6C2B788290E97B500B8491A /* Main.storyboard */; };
		A6C2B78D290E97B500B8491A /* Pop_flake.xcdatamodeld in Sources */ = {isa = PBXBuildFile; fileRef = A6C2B78B290E97B500B8491A /* Pop_flake.xcdatamodeld */; };
		A6C2B78F290E97B700B8491A /* Assets.xcassets in Resources */ = {isa = PBXBuildFile; fileRef = A6C2B78E290E97B700B8491A /* Assets.xcassets */; };
		A6C2B792290E97B700B8491A /* LaunchScreen.storyboard in Resources */ = {isa = PBXBuildFile; fileRef = A6C2B790290E97B700B8491A /* LaunchScreen.storyboard */; };
		A6C2B79D290E97B700B8491A /* Pop_flakeTests.swift in Sources */ = {isa = PBXBuildFile; fileRef = A6C2B79C290E97B700B8491A /* Pop_flakeTests.swift */; };
		A6C2B7A7290E97B700B8491A /* Pop_flakeUITests.swift in Sources */ = {isa = PBXBuildFile; fileRef = A6C2B7A6290E97B700B8491A /* Pop_flakeUITests.swift */; };
		A6C2B7A9290E97B700B8491A /* Pop_flakeUITestsLaunchTests.swift in Sources */ = {isa = PBXBuildFile; fileRef = A6C2B7A8290E97B700B8491A /* Pop_flakeUITestsLaunchTests.swift */; };
		A6E3EFDE290ED4C800DB32DC /* HomeVCTableView+Ext.swift in Sources */ = {isa = PBXBuildFile; fileRef = A6E3EFDD290ED4C700DB32DC /* HomeVCTableView+Ext.swift */; };
		A6E3EFE1290ED5C200DB32DC /* MainViewController.swift in Sources */ = {isa = PBXBuildFile; fileRef = A6E3EFE0290ED5C200DB32DC /* MainViewController.swift */; };
		A6E3EFE6290EE4D700DB32DC /* URLs.swift in Sources */ = {isa = PBXBuildFile; fileRef = A6E3EFE5290EE4D700DB32DC /* URLs.swift */; };
		A6E3EFE9290EEEA700DB32DC /* Movies.swift in Sources */ = {isa = PBXBuildFile; fileRef = A6E3EFE8290EEEA700DB32DC /* Movies.swift */; };
		A6E3EFEC290EF8E200DB32DC /* Kingfisher in Frameworks */ = {isa = PBXBuildFile; productRef = A6E3EFEB290EF8E200DB32DC /* Kingfisher */; };
		A6E3EFEF290F391100DB32DC /* SettingsVCTableView+Ext.swift in Sources */ = {isa = PBXBuildFile; fileRef = A6E3EFEE290F391100DB32DC /* SettingsVCTableView+Ext.swift */; };
		A6E3EFF3290F39E200DB32DC /* SettingsTableViewCell.swift in Sources */ = {isa = PBXBuildFile; fileRef = A6E3EFF1290F39E200DB32DC /* SettingsTableViewCell.swift */; };
		A6E3EFF4290F39E200DB32DC /* SettingsTableViewCell.xib in Resources */ = {isa = PBXBuildFile; fileRef = A6E3EFF2290F39E200DB32DC /* SettingsTableViewCell.xib */; };
		A6E3EFF6290F45F100DB32DC /* NetworkReachability.swift in Sources */ = {isa = PBXBuildFile; fileRef = A6E3EFF5290F45F100DB32DC /* NetworkReachability.swift */; };
		A6E3EFF8290F49BB00DB32DC /* SearchVCTableView+Ext.swift in Sources */ = {isa = PBXBuildFile; fileRef = A6E3EFF7290F49BB00DB32DC /* SearchVCTableView+Ext.swift */; };
		A6E3EFFA290F4A7D00DB32DC /* SearchedMovies.swift in Sources */ = {isa = PBXBuildFile; fileRef = A6E3EFF9290F4A7D00DB32DC /* SearchedMovies.swift */; };
		A6E3EFFC290F4B3700DB32DC /* SearchViewModel.swift in Sources */ = {isa = PBXBuildFile; fileRef = A6E3EFFB290F4B3700DB32DC /* SearchViewModel.swift */; };
		A6E3EFFE290F4CBB00DB32DC /* SearchVCSearch+Ext.swift in Sources */ = {isa = PBXBuildFile; fileRef = A6E3EFFD290F4CBB00DB32DC /* SearchVCSearch+Ext.swift */; };
		A6E3F000290FF7AE00DB32DC /* Constants.swift in Sources */ = {isa = PBXBuildFile; fileRef = A6E3EFFF290FF7AE00DB32DC /* Constants.swift */; };
		A6E3F003291008E600DB32DC /* SafariViewController.swift in Sources */ = {isa = PBXBuildFile; fileRef = A6E3F002291008E600DB32DC /* SafariViewController.swift */; };
/* End PBXBuildFile section */

/* Begin PBXContainerItemProxy section */
		A6C2B799290E97B700B8491A /* PBXContainerItemProxy */ = {
			isa = PBXContainerItemProxy;
			containerPortal = A6C2B777290E97B500B8491A /* Project object */;
			proxyType = 1;
			remoteGlobalIDString = A6C2B77E290E97B500B8491A;
			remoteInfo = "Pop-flake";
		};
		A6C2B7A3290E97B700B8491A /* PBXContainerItemProxy */ = {
			isa = PBXContainerItemProxy;
			containerPortal = A6C2B777290E97B500B8491A /* Project object */;
			proxyType = 1;
			remoteGlobalIDString = A6C2B77E290E97B500B8491A;
			remoteInfo = "Pop-flake";
		};
/* End PBXContainerItemProxy section */

/* Begin PBXFileReference section */
		A61A067F290EA1B7002A8C7D /* HomeViewController.swift */ = {isa = PBXFileReference; lastKnownFileType = sourcecode.swift; path = HomeViewController.swift; sourceTree = "<group>"; };
		A61A0686290EA2D0002A8C7D /* HomeViewModel.swift */ = {isa = PBXFileReference; lastKnownFileType = sourcecode.swift; path = HomeViewModel.swift; sourceTree = "<group>"; };
		A61A0688290EA2F7002A8C7D /* SearchViewController.swift */ = {isa = PBXFileReference; lastKnownFileType = sourcecode.swift; path = SearchViewController.swift; sourceTree = "<group>"; };
		A61A068A290EA306002A8C7D /* SettingsViewController.swift */ = {isa = PBXFileReference; lastKnownFileType = sourcecode.swift; path = SettingsViewController.swift; sourceTree = "<group>"; };
		A655A1B82911B8C7001714E5 /* ComplaintFormViewController.swift */ = {isa = PBXFileReference; lastKnownFileType = sourcecode.swift; path = ComplaintFormViewController.swift; sourceTree = "<group>"; };
		A67B4764291059B3004B6E1B /* TableViewHeader.swift */ = {isa = PBXFileReference; lastKnownFileType = sourcecode.swift; path = TableViewHeader.swift; sourceTree = "<group>"; };
		A67B476829105EF0004B6E1B /* HeaderCollectionViewCell.swift */ = {isa = PBXFileReference; lastKnownFileType = sourcecode.swift; path = HeaderCollectionViewCell.swift; sourceTree = "<group>"; };
		A67B476929105EF0004B6E1B /* HeaderCollectionViewCell.xib */ = {isa = PBXFileReference; lastKnownFileType = file.xib; path = HeaderCollectionViewCell.xib; sourceTree = "<group>"; };
		A67B476C2910651F004B6E1B /* TrailersCollectionViewHandler.swift */ = {isa = PBXFileReference; lastKnownFileType = sourcecode.swift; path = TrailersCollectionViewHandler.swift; sourceTree = "<group>"; };
		A67B476E29106694004B6E1B /* Trailer.swift */ = {isa = PBXFileReference; lastKnownFileType = sourcecode.swift; path = Trailer.swift; sourceTree = "<group>"; };
		A67B477529110A33004B6E1B /* InTheatersTableViewCell.swift */ = {isa = PBXFileReference; lastKnownFileType = sourcecode.swift; path = InTheatersTableViewCell.swift; sourceTree = "<group>"; };
		A67B477629110A33004B6E1B /* InTheatersTableViewCell.xib */ = {isa = PBXFileReference; lastKnownFileType = file.xib; path = InTheatersTableViewCell.xib; sourceTree = "<group>"; };
		A67B477A29110F29004B6E1B /* Top250TableViewCell.swift */ = {isa = PBXFileReference; lastKnownFileType = sourcecode.swift; path = Top250TableViewCell.swift; sourceTree = "<group>"; };
		A67B477B29110F29004B6E1B /* Top250TableViewCell.xib */ = {isa = PBXFileReference; lastKnownFileType = file.xib; path = Top250TableViewCell.xib; sourceTree = "<group>"; };
		A67B477F29116146004B6E1B /* TrailersTableViewHeader.swift */ = {isa = PBXFileReference; lastKnownFileType = sourcecode.swift; path = TrailersTableViewHeader.swift; sourceTree = "<group>"; };
		A67B47812911617A004B6E1B /* TrailersTableViewHeader.xib */ = {isa = PBXFileReference; lastKnownFileType = file.xib; path = TrailersTableViewHeader.xib; sourceTree = "<group>"; };
		A6928EB4290EBE3800BB92EB /* CommingSoonTableViewCell.swift */ = {isa = PBXFileReference; lastKnownFileType = sourcecode.swift; path = CommingSoonTableViewCell.swift; sourceTree = "<group>"; };
		A6928EB5290EBE3800BB92EB /* CommingSoonTableViewCell.xib */ = {isa = PBXFileReference; lastKnownFileType = file.xib; path = CommingSoonTableViewCell.xib; sourceTree = "<group>"; };
		A6A9C639290EC04700CC3462 /* GrossingTableViewCell.swift */ = {isa = PBXFileReference; lastKnownFileType = sourcecode.swift; path = GrossingTableViewCell.swift; sourceTree = "<group>"; };
		A6A9C63A290EC04700CC3462 /* GrossingTableViewCell.xib */ = {isa = PBXFileReference; lastKnownFileType = file.xib; path = GrossingTableViewCell.xib; sourceTree = "<group>"; };
		A6A9C63F290EC3AB00CC3462 /* MoviesCollectionViewCell.swift */ = {isa = PBXFileReference; lastKnownFileType = sourcecode.swift; path = MoviesCollectionViewCell.swift; sourceTree = "<group>"; };
		A6A9C640290EC3AB00CC3462 /* MoviesCollectionViewCell.xib */ = {isa = PBXFileReference; lastKnownFileType = file.xib; path = MoviesCollectionViewCell.xib; sourceTree = "<group>"; };
		A6A9C645290EC49600CC3462 /* NetworkManager.swift */ = {isa = PBXFileReference; lastKnownFileType = sourcecode.swift; path = NetworkManager.swift; sourceTree = "<group>"; };
		A6A9C649290ED02400CC3462 /* MoviesTableViewCell.swift */ = {isa = PBXFileReference; lastKnownFileType = sourcecode.swift; path = MoviesTableViewCell.swift; sourceTree = "<group>"; };
		A6A9C64A290ED02400CC3462 /* MoviesTableViewCell.xib */ = {isa = PBXFileReference; lastKnownFileType = file.xib; path = MoviesTableViewCell.xib; sourceTree = "<group>"; };
		A6C2B77F290E97B500B8491A /* Pop-flake.app */ = {isa = PBXFileReference; explicitFileType = wrapper.application; includeInIndex = 0; path = "Pop-flake.app"; sourceTree = BUILT_PRODUCTS_DIR; };
		A6C2B782290E97B500B8491A /* AppDelegate.swift */ = {isa = PBXFileReference; lastKnownFileType = sourcecode.swift; path = AppDelegate.swift; sourceTree = "<group>"; };
		A6C2B784290E97B500B8491A /* SceneDelegate.swift */ = {isa = PBXFileReference; lastKnownFileType = sourcecode.swift; path = SceneDelegate.swift; sourceTree = "<group>"; };
		A6C2B789290E97B500B8491A /* Base */ = {isa = PBXFileReference; lastKnownFileType = file.storyboard; name = Base; path = Base.lproj/Main.storyboard; sourceTree = "<group>"; };
		A6C2B78C290E97B500B8491A /* Pop_flake.xcdatamodel */ = {isa = PBXFileReference; lastKnownFileType = wrapper.xcdatamodel; path = Pop_flake.xcdatamodel; sourceTree = "<group>"; };
		A6C2B78E290E97B700B8491A /* Assets.xcassets */ = {isa = PBXFileReference; lastKnownFileType = folder.assetcatalog; path = Assets.xcassets; sourceTree = "<group>"; };
		A6C2B791290E97B700B8491A /* Base */ = {isa = PBXFileReference; lastKnownFileType = file.storyboard; name = Base; path = Base.lproj/LaunchScreen.storyboard; sourceTree = "<group>"; };
		A6C2B793290E97B700B8491A /* Info.plist */ = {isa = PBXFileReference; lastKnownFileType = text.plist.xml; path = Info.plist; sourceTree = "<group>"; };
		A6C2B798290E97B700B8491A /* Pop-flakeTests.xctest */ = {isa = PBXFileReference; explicitFileType = wrapper.cfbundle; includeInIndex = 0; path = "Pop-flakeTests.xctest"; sourceTree = BUILT_PRODUCTS_DIR; };
		A6C2B79C290E97B700B8491A /* Pop_flakeTests.swift */ = {isa = PBXFileReference; lastKnownFileType = sourcecode.swift; path = Pop_flakeTests.swift; sourceTree = "<group>"; };
		A6C2B7A2290E97B700B8491A /* Pop-flakeUITests.xctest */ = {isa = PBXFileReference; explicitFileType = wrapper.cfbundle; includeInIndex = 0; path = "Pop-flakeUITests.xctest"; sourceTree = BUILT_PRODUCTS_DIR; };
		A6C2B7A6290E97B700B8491A /* Pop_flakeUITests.swift */ = {isa = PBXFileReference; lastKnownFileType = sourcecode.swift; path = Pop_flakeUITests.swift; sourceTree = "<group>"; };
		A6C2B7A8290E97B700B8491A /* Pop_flakeUITestsLaunchTests.swift */ = {isa = PBXFileReference; lastKnownFileType = sourcecode.swift; path = Pop_flakeUITestsLaunchTests.swift; sourceTree = "<group>"; };
		A6E3EFDD290ED4C700DB32DC /* HomeVCTableView+Ext.swift */ = {isa = PBXFileReference; lastKnownFileType = sourcecode.swift; path = "HomeVCTableView+Ext.swift"; sourceTree = "<group>"; };
		A6E3EFE0290ED5C200DB32DC /* MainViewController.swift */ = {isa = PBXFileReference; lastKnownFileType = sourcecode.swift; path = MainViewController.swift; sourceTree = "<group>"; };
		A6E3EFE5290EE4D700DB32DC /* URLs.swift */ = {isa = PBXFileReference; lastKnownFileType = sourcecode.swift; path = URLs.swift; sourceTree = "<group>"; };
		A6E3EFE8290EEEA700DB32DC /* Movies.swift */ = {isa = PBXFileReference; lastKnownFileType = sourcecode.swift; path = Movies.swift; sourceTree = "<group>"; };
		A6E3EFEE290F391100DB32DC /* SettingsVCTableView+Ext.swift */ = {isa = PBXFileReference; lastKnownFileType = sourcecode.swift; path = "SettingsVCTableView+Ext.swift"; sourceTree = "<group>"; };
		A6E3EFF1290F39E200DB32DC /* SettingsTableViewCell.swift */ = {isa = PBXFileReference; lastKnownFileType = sourcecode.swift; path = SettingsTableViewCell.swift; sourceTree = "<group>"; };
		A6E3EFF2290F39E200DB32DC /* SettingsTableViewCell.xib */ = {isa = PBXFileReference; lastKnownFileType = file.xib; path = SettingsTableViewCell.xib; sourceTree = "<group>"; };
		A6E3EFF5290F45F100DB32DC /* NetworkReachability.swift */ = {isa = PBXFileReference; lastKnownFileType = sourcecode.swift; path = NetworkReachability.swift; sourceTree = "<group>"; };
		A6E3EFF7290F49BB00DB32DC /* SearchVCTableView+Ext.swift */ = {isa = PBXFileReference; lastKnownFileType = sourcecode.swift; path = "SearchVCTableView+Ext.swift"; sourceTree = "<group>"; };
		A6E3EFF9290F4A7D00DB32DC /* SearchedMovies.swift */ = {isa = PBXFileReference; lastKnownFileType = sourcecode.swift; path = SearchedMovies.swift; sourceTree = "<group>"; };
		A6E3EFFB290F4B3700DB32DC /* SearchViewModel.swift */ = {isa = PBXFileReference; lastKnownFileType = sourcecode.swift; path = SearchViewModel.swift; sourceTree = "<group>"; };
		A6E3EFFD290F4CBB00DB32DC /* SearchVCSearch+Ext.swift */ = {isa = PBXFileReference; lastKnownFileType = sourcecode.swift; path = "SearchVCSearch+Ext.swift"; sourceTree = "<group>"; };
		A6E3EFFF290FF7AE00DB32DC /* Constants.swift */ = {isa = PBXFileReference; lastKnownFileType = sourcecode.swift; path = Constants.swift; sourceTree = "<group>"; };
		A6E3F002291008E600DB32DC /* SafariViewController.swift */ = {isa = PBXFileReference; lastKnownFileType = sourcecode.swift; path = SafariViewController.swift; sourceTree = "<group>"; };
/* End PBXFileReference section */

/* Begin PBXFrameworksBuildPhase section */
		A6C2B77C290E97B500B8491A /* Frameworks */ = {
			isa = PBXFrameworksBuildPhase;
			buildActionMask = 2147483647;
			files = (
				A6E3EFEC290EF8E200DB32DC /* Kingfisher in Frameworks */,
				A655A1B62911B88C001714E5 /* Eureka in Frameworks */,
			);
			runOnlyForDeploymentPostprocessing = 0;
		};
		A6C2B795290E97B700B8491A /* Frameworks */ = {
			isa = PBXFrameworksBuildPhase;
			buildActionMask = 2147483647;
			files = (
			);
			runOnlyForDeploymentPostprocessing = 0;
		};
		A6C2B79F290E97B700B8491A /* Frameworks */ = {
			isa = PBXFrameworksBuildPhase;
			buildActionMask = 2147483647;
			files = (
			);
			runOnlyForDeploymentPostprocessing = 0;
		};
/* End PBXFrameworksBuildPhase section */

/* Begin PBXGroup section */
		A61A067E290E9E2B002A8C7D /* AppDelegate */ = {
			isa = PBXGroup;
			children = (
				A6C2B782290E97B500B8491A /* AppDelegate.swift */,
				A6C2B784290E97B500B8491A /* SceneDelegate.swift */,
			);
			path = AppDelegate;
			sourceTree = "<group>";
		};
		A61A0681290EA1D0002A8C7D /* HomeScreen */ = {
			isa = PBXGroup;
			children = (
				A67B477E29116094004B6E1B /* TableViewHeader */,
				A61A067F290EA1B7002A8C7D /* HomeViewController.swift */,
				A6E3EFDD290ED4C700DB32DC /* HomeVCTableView+Ext.swift */,
				A61A0686290EA2D0002A8C7D /* HomeViewModel.swift */,
				A67B4764291059B3004B6E1B /* TableViewHeader.swift */,
				A67B476C2910651F004B6E1B /* TrailersCollectionViewHandler.swift */,
				A67B476629105ECA004B6E1B /* HeaderCollectionViewCell */,
				A6A9C64E290ED05B00CC3462 /* MainTableViewCells */,
				A6A9C63D290EC33E00CC3462 /* MoviesCollectionViewCell */,
				A6A9C647290ECFEF00CC3462 /* MoviesTableViewCell */,
			);
			path = HomeScreen;
			sourceTree = "<group>";
		};
		A61A0682290EA1EA002A8C7D /* SearchScreen */ = {
			isa = PBXGroup;
			children = (
				A61A0688290EA2F7002A8C7D /* SearchViewController.swift */,
				A6E3EFFB290F4B3700DB32DC /* SearchViewModel.swift */,
				A6E3EFF7290F49BB00DB32DC /* SearchVCTableView+Ext.swift */,
				A6E3EFFD290F4CBB00DB32DC /* SearchVCSearch+Ext.swift */,
			);
			path = SearchScreen;
			sourceTree = "<group>";
		};
		A61A0683290EA1F5002A8C7D /* SettingsScreen */ = {
			isa = PBXGroup;
			children = (
				A61A068A290EA306002A8C7D /* SettingsViewController.swift */,
				A6E3EFEE290F391100DB32DC /* SettingsVCTableView+Ext.swift */,
				A6E3EFF0290F39C500DB32DC /* SettingsTableViewCell */,
			);
			path = SettingsScreen;
			sourceTree = "<group>";
		};
		A655A1B72911B89C001714E5 /* ComplaintFormViewController */ = {
			isa = PBXGroup;
			children = (
				A655A1B82911B8C7001714E5 /* ComplaintFormViewController.swift */,
			);
			path = ComplaintFormViewController;
			sourceTree = "<group>";
		};
		A67B476629105ECA004B6E1B /* HeaderCollectionViewCell */ = {
			isa = PBXGroup;
			children = (
				A67B476829105EF0004B6E1B /* HeaderCollectionViewCell.swift */,
				A67B476929105EF0004B6E1B /* HeaderCollectionViewCell.xib */,
			);
			path = HeaderCollectionViewCell;
			sourceTree = "<group>";
		};
		A67B4770291104A2004B6E1B /* In-TheatersTableViewCell */ = {
			isa = PBXGroup;
			children = (
				A67B477529110A33004B6E1B /* InTheatersTableViewCell.swift */,
				A67B477629110A33004B6E1B /* InTheatersTableViewCell.xib */,
			);
			path = "In-TheatersTableViewCell";
			sourceTree = "<group>";
		};
		A67B477929110F08004B6E1B /* Top250TableViewCell */ = {
			isa = PBXGroup;
			children = (
				A67B477A29110F29004B6E1B /* Top250TableViewCell.swift */,
				A67B477B29110F29004B6E1B /* Top250TableViewCell.xib */,
			);
			path = Top250TableViewCell;
			sourceTree = "<group>";
		};
		A67B477E29116094004B6E1B /* TableViewHeader */ = {
			isa = PBXGroup;
			children = (
				A67B477F29116146004B6E1B /* TrailersTableViewHeader.swift */,
				A67B47812911617A004B6E1B /* TrailersTableViewHeader.xib */,
			);
			path = TableViewHeader;
			sourceTree = "<group>";
		};
		A6928EAF290EB8AB00BB92EB /* CommingSoonTableViewCell */ = {
			isa = PBXGroup;
			children = (
				A6928EB4290EBE3800BB92EB /* CommingSoonTableViewCell.swift */,
				A6928EB5290EBE3800BB92EB /* CommingSoonTableViewCell.xib */,
			);
			path = CommingSoonTableViewCell;
			sourceTree = "<group>";
		};
		A6A9C638290EC01F00CC3462 /* GrossingTableViewCell */ = {
			isa = PBXGroup;
			children = (
				A6A9C639290EC04700CC3462 /* GrossingTableViewCell.swift */,
				A6A9C63A290EC04700CC3462 /* GrossingTableViewCell.xib */,
			);
			path = GrossingTableViewCell;
			sourceTree = "<group>";
		};
		A6A9C63D290EC33E00CC3462 /* MoviesCollectionViewCell */ = {
			isa = PBXGroup;
			children = (
				A6A9C63F290EC3AB00CC3462 /* MoviesCollectionViewCell.swift */,
				A6A9C640290EC3AB00CC3462 /* MoviesCollectionViewCell.xib */,
			);
			path = MoviesCollectionViewCell;
			sourceTree = "<group>";
		};
		A6A9C643290EC45200CC3462 /* Helper */ = {
			isa = PBXGroup;
			children = (
				A6E3EFDF290ED57700DB32DC /* Common */,
				A6A9C644290EC46500CC3462 /* NetworkLayer */,
			);
			path = Helper;
			sourceTree = "<group>";
		};
		A6A9C644290EC46500CC3462 /* NetworkLayer */ = {
			isa = PBXGroup;
			children = (
				A6E3EFF5290F45F100DB32DC /* NetworkReachability.swift */,
				A6A9C645290EC49600CC3462 /* NetworkManager.swift */,
				A6E3EFE5290EE4D700DB32DC /* URLs.swift */,
			);
			path = NetworkLayer;
			sourceTree = "<group>";
		};
		A6A9C647290ECFEF00CC3462 /* MoviesTableViewCell */ = {
			isa = PBXGroup;
			children = (
				A6A9C649290ED02400CC3462 /* MoviesTableViewCell.swift */,
				A6A9C64A290ED02400CC3462 /* MoviesTableViewCell.xib */,
			);
			path = MoviesTableViewCell;
			sourceTree = "<group>";
		};
		A6A9C64E290ED05B00CC3462 /* MainTableViewCells */ = {
			isa = PBXGroup;
			children = (
				A6928EAF290EB8AB00BB92EB /* CommingSoonTableViewCell */,
				A67B4770291104A2004B6E1B /* In-TheatersTableViewCell */,
				A67B477929110F08004B6E1B /* Top250TableViewCell */,
				A6A9C638290EC01F00CC3462 /* GrossingTableViewCell */,
			);
			path = MainTableViewCells;
			sourceTree = "<group>";
		};
		A6C2B776290E97B500B8491A = {
			isa = PBXGroup;
			children = (
				A6C2B781290E97B500B8491A /* Pop-flake */,
				A6C2B79B290E97B700B8491A /* Pop-flakeTests */,
				A6C2B7A5290E97B700B8491A /* Pop-flakeUITests */,
				A6C2B780290E97B500B8491A /* Products */,
			);
			sourceTree = "<group>";
		};
		A6C2B780290E97B500B8491A /* Products */ = {
			isa = PBXGroup;
			children = (
				A6C2B77F290E97B500B8491A /* Pop-flake.app */,
				A6C2B798290E97B700B8491A /* Pop-flakeTests.xctest */,
				A6C2B7A2290E97B700B8491A /* Pop-flakeUITests.xctest */,
			);
			name = Products;
			sourceTree = "<group>";
		};
		A6C2B781290E97B500B8491A /* Pop-flake */ = {
			isa = PBXGroup;
			children = (
				A61A067E290E9E2B002A8C7D /* AppDelegate */,
				A61A0681290EA1D0002A8C7D /* HomeScreen */,
				A61A0682290EA1EA002A8C7D /* SearchScreen */,
				A61A0683290EA1F5002A8C7D /* SettingsScreen */,
				A6E3F001291008AC00DB32DC /* SafariViewController */,
				A655A1B72911B89C001714E5 /* ComplaintFormViewController */,
				A6A9C643290EC45200CC3462 /* Helper */,
				A6E3EFE7290EECF800DB32DC /* Models */,
				A6E3EFED290F381000DB32DC /* Storyboards */,
				A6C2B78E290E97B700B8491A /* Assets.xcassets */,
				A6C2B793290E97B700B8491A /* Info.plist */,
				A6C2B78B290E97B500B8491A /* Pop_flake.xcdatamodeld */,
			);
			path = "Pop-flake";
			sourceTree = "<group>";
		};
		A6C2B79B290E97B700B8491A /* Pop-flakeTests */ = {
			isa = PBXGroup;
			children = (
				A6C2B79C290E97B700B8491A /* Pop_flakeTests.swift */,
			);
			path = "Pop-flakeTests";
			sourceTree = "<group>";
		};
		A6C2B7A5290E97B700B8491A /* Pop-flakeUITests */ = {
			isa = PBXGroup;
			children = (
				A6C2B7A6290E97B700B8491A /* Pop_flakeUITests.swift */,
				A6C2B7A8290E97B700B8491A /* Pop_flakeUITestsLaunchTests.swift */,
			);
			path = "Pop-flakeUITests";
			sourceTree = "<group>";
		};
		A6E3EFDF290ED57700DB32DC /* Common */ = {
			isa = PBXGroup;
			children = (
				A6E3EFFF290FF7AE00DB32DC /* Constants.swift */,
				A6E3EFE0290ED5C200DB32DC /* MainViewController.swift */,
			);
			path = Common;
			sourceTree = "<group>";
		};
		A6E3EFE7290EECF800DB32DC /* Models */ = {
			isa = PBXGroup;
			children = (
				A6E3EFE8290EEEA700DB32DC /* Movies.swift */,
				A6E3EFF9290F4A7D00DB32DC /* SearchedMovies.swift */,
				A67B476E29106694004B6E1B /* Trailer.swift */,
			);
			path = Models;
			sourceTree = "<group>";
		};
		A6E3EFED290F381000DB32DC /* Storyboards */ = {
			isa = PBXGroup;
			children = (
				A6C2B788290E97B500B8491A /* Main.storyboard */,
				A6C2B790290E97B700B8491A /* LaunchScreen.storyboard */,
			);
			path = Storyboards;
			sourceTree = "<group>";
		};
		A6E3EFF0290F39C500DB32DC /* SettingsTableViewCell */ = {
			isa = PBXGroup;
			children = (
				A6E3EFF1290F39E200DB32DC /* SettingsTableViewCell.swift */,
				A6E3EFF2290F39E200DB32DC /* SettingsTableViewCell.xib */,
			);
			path = SettingsTableViewCell;
			sourceTree = "<group>";
		};
		A6E3F001291008AC00DB32DC /* SafariViewController */ = {
			isa = PBXGroup;
			children = (
				A6E3F002291008E600DB32DC /* SafariViewController.swift */,
			);
			path = SafariViewController;
			sourceTree = "<group>";
		};
/* End PBXGroup section */

/* Begin PBXNativeTarget section */
		A6C2B77E290E97B500B8491A /* Pop-flake */ = {
			isa = PBXNativeTarget;
			buildConfigurationList = A6C2B7AC290E97B700B8491A /* Build configuration list for PBXNativeTarget "Pop-flake" */;
			buildPhases = (
				A6C2B77B290E97B500B8491A /* Sources */,
				A6C2B77C290E97B500B8491A /* Frameworks */,
				A6C2B77D290E97B500B8491A /* Resources */,
				A6928EAE290EAEA600BB92EB /* ShellScript */,
			);
			buildRules = (
			);
			dependencies = (
			);
			name = "Pop-flake";
			packageProductDependencies = (
				A6E3EFEB290EF8E200DB32DC /* Kingfisher */,
				A655A1B52911B88C001714E5 /* Eureka */,
			);
			productName = "Pop-flake";
			productReference = A6C2B77F290E97B500B8491A /* Pop-flake.app */;
			productType = "com.apple.product-type.application";
		};
		A6C2B797290E97B700B8491A /* Pop-flakeTests */ = {
			isa = PBXNativeTarget;
			buildConfigurationList = A6C2B7AF290E97B700B8491A /* Build configuration list for PBXNativeTarget "Pop-flakeTests" */;
			buildPhases = (
				A6C2B794290E97B700B8491A /* Sources */,
				A6C2B795290E97B700B8491A /* Frameworks */,
				A6C2B796290E97B700B8491A /* Resources */,
			);
			buildRules = (
			);
			dependencies = (
				A6C2B79A290E97B700B8491A /* PBXTargetDependency */,
			);
			name = "Pop-flakeTests";
			productName = "Pop-flakeTests";
			productReference = A6C2B798290E97B700B8491A /* Pop-flakeTests.xctest */;
			productType = "com.apple.product-type.bundle.unit-test";
		};
		A6C2B7A1290E97B700B8491A /* Pop-flakeUITests */ = {
			isa = PBXNativeTarget;
			buildConfigurationList = A6C2B7B2290E97B700B8491A /* Build configuration list for PBXNativeTarget "Pop-flakeUITests" */;
			buildPhases = (
				A6C2B79E290E97B700B8491A /* Sources */,
				A6C2B79F290E97B700B8491A /* Frameworks */,
				A6C2B7A0290E97B700B8491A /* Resources */,
			);
			buildRules = (
			);
			dependencies = (
				A6C2B7A4290E97B700B8491A /* PBXTargetDependency */,
			);
			name = "Pop-flakeUITests";
			productName = "Pop-flakeUITests";
			productReference = A6C2B7A2290E97B700B8491A /* Pop-flakeUITests.xctest */;
			productType = "com.apple.product-type.bundle.ui-testing";
		};
/* End PBXNativeTarget section */

/* Begin PBXProject section */
		A6C2B777290E97B500B8491A /* Project object */ = {
			isa = PBXProject;
			attributes = {
				BuildIndependentTargetsInParallel = 1;
				LastSwiftUpdateCheck = 1400;
				LastUpgradeCheck = 1400;
				TargetAttributes = {
					A6C2B77E290E97B500B8491A = {
						CreatedOnToolsVersion = 14.0.1;
					};
					A6C2B797290E97B700B8491A = {
						CreatedOnToolsVersion = 14.0.1;
						TestTargetID = A6C2B77E290E97B500B8491A;
					};
					A6C2B7A1290E97B700B8491A = {
						CreatedOnToolsVersion = 14.0.1;
						TestTargetID = A6C2B77E290E97B500B8491A;
					};
				};
			};
			buildConfigurationList = A6C2B77A290E97B500B8491A /* Build configuration list for PBXProject "Pop-flake" */;
			compatibilityVersion = "Xcode 14.0";
			developmentRegion = en;
			hasScannedForEncodings = 0;
			knownRegions = (
				en,
				Base,
			);
			mainGroup = A6C2B776290E97B500B8491A;
			packageReferences = (
				A6E3EFEA290EF8E200DB32DC /* XCRemoteSwiftPackageReference "Kingfisher" */,
				A655A1B42911B88C001714E5 /* XCRemoteSwiftPackageReference "Eureka" */,
			);
			productRefGroup = A6C2B780290E97B500B8491A /* Products */;
			projectDirPath = "";
			projectRoot = "";
			targets = (
				A6C2B77E290E97B500B8491A /* Pop-flake */,
				A6C2B797290E97B700B8491A /* Pop-flakeTests */,
				A6C2B7A1290E97B700B8491A /* Pop-flakeUITests */,
			);
		};
/* End PBXProject section */

/* Begin PBXResourcesBuildPhase section */
		A6C2B77D290E97B500B8491A /* Resources */ = {
			isa = PBXResourcesBuildPhase;
			buildActionMask = 2147483647;
			files = (
				A6C2B792290E97B700B8491A /* LaunchScreen.storyboard in Resources */,
				A6A9C64C290ED02400CC3462 /* MoviesTableViewCell.xib in Resources */,
				A67B477829110A33004B6E1B /* InTheatersTableViewCell.xib in Resources */,
				A6928EB7290EBE3800BB92EB /* CommingSoonTableViewCell.xib in Resources */,
				A6A9C63C290EC04700CC3462 /* GrossingTableViewCell.xib in Resources */,
				A6C2B78F290E97B700B8491A /* Assets.xcassets in Resources */,
				A67B476B29105EF0004B6E1B /* HeaderCollectionViewCell.xib in Resources */,
				A67B477D29110F29004B6E1B /* Top250TableViewCell.xib in Resources */,
				A6C2B78A290E97B500B8491A /* Main.storyboard in Resources */,
				A6E3EFF4290F39E200DB32DC /* SettingsTableViewCell.xib in Resources */,
				A67B47822911617A004B6E1B /* TrailersTableViewHeader.xib in Resources */,
				A6A9C642290EC3AB00CC3462 /* MoviesCollectionViewCell.xib in Resources */,
			);
			runOnlyForDeploymentPostprocessing = 0;
		};
		A6C2B796290E97B700B8491A /* Resources */ = {
			isa = PBXResourcesBuildPhase;
			buildActionMask = 2147483647;
			files = (
			);
			runOnlyForDeploymentPostprocessing = 0;
		};
		A6C2B7A0290E97B700B8491A /* Resources */ = {
			isa = PBXResourcesBuildPhase;
			buildActionMask = 2147483647;
			files = (
			);
			runOnlyForDeploymentPostprocessing = 0;
		};
/* End PBXResourcesBuildPhase section */

/* Begin PBXShellScriptBuildPhase section */
		A6928EAE290EAEA600BB92EB /* ShellScript */ = {
			isa = PBXShellScriptBuildPhase;
			buildActionMask = 2147483647;
			files = (
			);
			inputFileListPaths = (
			);
			inputPaths = (
			);
			outputFileListPaths = (
			);
			outputPaths = (
			);
			runOnlyForDeploymentPostprocessing = 0;
			shellPath = /bin/sh;
			shellScript = "export PATH=\"$PATH:/opt/homebrew/bin\"\nif which swiftlint > /dev/null; then\n  swiftlint\nelse\n  echo \"warning: SwiftLint not installed, download from https://github.com/realm/SwiftLint\"\nfi\n";
		};
/* End PBXShellScriptBuildPhase section */

/* Begin PBXSourcesBuildPhase section */
		A6C2B77B290E97B500B8491A /* Sources */ = {
			isa = PBXSourcesBuildPhase;
			buildActionMask = 2147483647;
			files = (
				A6E3F003291008E600DB32DC /* SafariViewController.swift in Sources */,
				A6E3F000290FF7AE00DB32DC /* Constants.swift in Sources */,
				A6E3EFE6290EE4D700DB32DC /* URLs.swift in Sources */,
				A6E3EFDE290ED4C800DB32DC /* HomeVCTableView+Ext.swift in Sources */,
				A67B4765291059B3004B6E1B /* TableViewHeader.swift in Sources */,
				A6E3EFEF290F391100DB32DC /* SettingsVCTableView+Ext.swift in Sources */,
				A61A0689290EA2F7002A8C7D /* SearchViewController.swift in Sources */,
				A6E3EFF3290F39E200DB32DC /* SettingsTableViewCell.swift in Sources */,
				A6A9C641290EC3AB00CC3462 /* MoviesCollectionViewCell.swift in Sources */,
				A67B476D2910651F004B6E1B /* TrailersCollectionViewHandler.swift in Sources */,
				A67B478029116146004B6E1B /* TrailersTableViewHeader.swift in Sources */,
				A6C2B783290E97B500B8491A /* AppDelegate.swift in Sources */,
				A655A1B92911B8C7001714E5 /* ComplaintFormViewController.swift in Sources */,
				A6A9C63B290EC04700CC3462 /* GrossingTableViewCell.swift in Sources */,
				A6E3EFE1290ED5C200DB32DC /* MainViewController.swift in Sources */,
				A67B476F29106694004B6E1B /* Trailer.swift in Sources */,
				A6A9C646290EC49600CC3462 /* NetworkManager.swift in Sources */,
				A61A068B290EA306002A8C7D /* SettingsViewController.swift in Sources */,
				A6E3EFFE290F4CBB00DB32DC /* SearchVCSearch+Ext.swift in Sources */,
				A6C2B785290E97B500B8491A /* SceneDelegate.swift in Sources */,
				A6E3EFFA290F4A7D00DB32DC /* SearchedMovies.swift in Sources */,
				A6E3EFFC290F4B3700DB32DC /* SearchViewModel.swift in Sources */,
				A67B476A29105EF0004B6E1B /* HeaderCollectionViewCell.swift in Sources */,
				A6C2B78D290E97B500B8491A /* Pop_flake.xcdatamodeld in Sources */,
				A67B477C29110F29004B6E1B /* Top250TableViewCell.swift in Sources */,
				A6928EB6290EBE3800BB92EB /* CommingSoonTableViewCell.swift in Sources */,
				A61A0687290EA2D0002A8C7D /* HomeViewModel.swift in Sources */,
				A6E3EFE9290EEEA700DB32DC /* Movies.swift in Sources */,
				A67B477729110A33004B6E1B /* InTheatersTableViewCell.swift in Sources */,
				A6A9C64B290ED02400CC3462 /* MoviesTableViewCell.swift in Sources */,
				A6E3EFF8290F49BB00DB32DC /* SearchVCTableView+Ext.swift in Sources */,
				A61A0680290EA1B7002A8C7D /* HomeViewController.swift in Sources */,
				A6E3EFF6290F45F100DB32DC /* NetworkReachability.swift in Sources */,
			);
			runOnlyForDeploymentPostprocessing = 0;
		};
		A6C2B794290E97B700B8491A /* Sources */ = {
			isa = PBXSourcesBuildPhase;
			buildActionMask = 2147483647;
			files = (
				A6C2B79D290E97B700B8491A /* Pop_flakeTests.swift in Sources */,
			);
			runOnlyForDeploymentPostprocessing = 0;
		};
		A6C2B79E290E97B700B8491A /* Sources */ = {
			isa = PBXSourcesBuildPhase;
			buildActionMask = 2147483647;
			files = (
				A6C2B7A9290E97B700B8491A /* Pop_flakeUITestsLaunchTests.swift in Sources */,
				A6C2B7A7290E97B700B8491A /* Pop_flakeUITests.swift in Sources */,
			);
			runOnlyForDeploymentPostprocessing = 0;
		};
/* End PBXSourcesBuildPhase section */

/* Begin PBXTargetDependency section */
		A6C2B79A290E97B700B8491A /* PBXTargetDependency */ = {
			isa = PBXTargetDependency;
			target = A6C2B77E290E97B500B8491A /* Pop-flake */;
			targetProxy = A6C2B799290E97B700B8491A /* PBXContainerItemProxy */;
		};
		A6C2B7A4290E97B700B8491A /* PBXTargetDependency */ = {
			isa = PBXTargetDependency;
			target = A6C2B77E290E97B500B8491A /* Pop-flake */;
			targetProxy = A6C2B7A3290E97B700B8491A /* PBXContainerItemProxy */;
		};
/* End PBXTargetDependency section */

/* Begin PBXVariantGroup section */
		A6C2B788290E97B500B8491A /* Main.storyboard */ = {
			isa = PBXVariantGroup;
			children = (
				A6C2B789290E97B500B8491A /* Base */,
			);
			name = Main.storyboard;
			sourceTree = "<group>";
		};
		A6C2B790290E97B700B8491A /* LaunchScreen.storyboard */ = {
			isa = PBXVariantGroup;
			children = (
				A6C2B791290E97B700B8491A /* Base */,
			);
			name = LaunchScreen.storyboard;
			sourceTree = "<group>";
		};
/* End PBXVariantGroup section */

/* Begin XCBuildConfiguration section */
		A6C2B7AA290E97B700B8491A /* Debug */ = {
			isa = XCBuildConfiguration;
			buildSettings = {
				ALWAYS_SEARCH_USER_PATHS = NO;
				CLANG_ANALYZER_NONNULL = YES;
				CLANG_ANALYZER_NUMBER_OBJECT_CONVERSION = YES_AGGRESSIVE;
				CLANG_CXX_LANGUAGE_STANDARD = "gnu++20";
				CLANG_ENABLE_MODULES = YES;
				CLANG_ENABLE_OBJC_ARC = YES;
				CLANG_ENABLE_OBJC_WEAK = YES;
				CLANG_WARN_BLOCK_CAPTURE_AUTORELEASING = YES;
				CLANG_WARN_BOOL_CONVERSION = YES;
				CLANG_WARN_COMMA = YES;
				CLANG_WARN_CONSTANT_CONVERSION = YES;
				CLANG_WARN_DEPRECATED_OBJC_IMPLEMENTATIONS = YES;
				CLANG_WARN_DIRECT_OBJC_ISA_USAGE = YES_ERROR;
				CLANG_WARN_DOCUMENTATION_COMMENTS = YES;
				CLANG_WARN_EMPTY_BODY = YES;
				CLANG_WARN_ENUM_CONVERSION = YES;
				CLANG_WARN_INFINITE_RECURSION = YES;
				CLANG_WARN_INT_CONVERSION = YES;
				CLANG_WARN_NON_LITERAL_NULL_CONVERSION = YES;
				CLANG_WARN_OBJC_IMPLICIT_RETAIN_SELF = YES;
				CLANG_WARN_OBJC_LITERAL_CONVERSION = YES;
				CLANG_WARN_OBJC_ROOT_CLASS = YES_ERROR;
				CLANG_WARN_QUOTED_INCLUDE_IN_FRAMEWORK_HEADER = YES;
				CLANG_WARN_RANGE_LOOP_ANALYSIS = YES;
				CLANG_WARN_STRICT_PROTOTYPES = YES;
				CLANG_WARN_SUSPICIOUS_MOVE = YES;
				CLANG_WARN_UNGUARDED_AVAILABILITY = YES_AGGRESSIVE;
				CLANG_WARN_UNREACHABLE_CODE = YES;
				CLANG_WARN__DUPLICATE_METHOD_MATCH = YES;
				COPY_PHASE_STRIP = NO;
				DEBUG_INFORMATION_FORMAT = dwarf;
				ENABLE_STRICT_OBJC_MSGSEND = YES;
				ENABLE_TESTABILITY = YES;
				GCC_C_LANGUAGE_STANDARD = gnu11;
				GCC_DYNAMIC_NO_PIC = NO;
				GCC_NO_COMMON_BLOCKS = YES;
				GCC_OPTIMIZATION_LEVEL = 0;
				GCC_PREPROCESSOR_DEFINITIONS = (
					"DEBUG=1",
					"$(inherited)",
				);
				GCC_WARN_64_TO_32_BIT_CONVERSION = YES;
				GCC_WARN_ABOUT_RETURN_TYPE = YES_ERROR;
				GCC_WARN_UNDECLARED_SELECTOR = YES;
				GCC_WARN_UNINITIALIZED_AUTOS = YES_AGGRESSIVE;
				GCC_WARN_UNUSED_FUNCTION = YES;
				GCC_WARN_UNUSED_VARIABLE = YES;
				IPHONEOS_DEPLOYMENT_TARGET = 16.0;
				MTL_ENABLE_DEBUG_INFO = INCLUDE_SOURCE;
				MTL_FAST_MATH = YES;
				ONLY_ACTIVE_ARCH = YES;
				SDKROOT = iphoneos;
				SWIFT_ACTIVE_COMPILATION_CONDITIONS = DEBUG;
				SWIFT_OPTIMIZATION_LEVEL = "-Onone";
			};
			name = Debug;
		};
		A6C2B7AB290E97B700B8491A /* Release */ = {
			isa = XCBuildConfiguration;
			buildSettings = {
				ALWAYS_SEARCH_USER_PATHS = NO;
				CLANG_ANALYZER_NONNULL = YES;
				CLANG_ANALYZER_NUMBER_OBJECT_CONVERSION = YES_AGGRESSIVE;
				CLANG_CXX_LANGUAGE_STANDARD = "gnu++20";
				CLANG_ENABLE_MODULES = YES;
				CLANG_ENABLE_OBJC_ARC = YES;
				CLANG_ENABLE_OBJC_WEAK = YES;
				CLANG_WARN_BLOCK_CAPTURE_AUTORELEASING = YES;
				CLANG_WARN_BOOL_CONVERSION = YES;
				CLANG_WARN_COMMA = YES;
				CLANG_WARN_CONSTANT_CONVERSION = YES;
				CLANG_WARN_DEPRECATED_OBJC_IMPLEMENTATIONS = YES;
				CLANG_WARN_DIRECT_OBJC_ISA_USAGE = YES_ERROR;
				CLANG_WARN_DOCUMENTATION_COMMENTS = YES;
				CLANG_WARN_EMPTY_BODY = YES;
				CLANG_WARN_ENUM_CONVERSION = YES;
				CLANG_WARN_INFINITE_RECURSION = YES;
				CLANG_WARN_INT_CONVERSION = YES;
				CLANG_WARN_NON_LITERAL_NULL_CONVERSION = YES;
				CLANG_WARN_OBJC_IMPLICIT_RETAIN_SELF = YES;
				CLANG_WARN_OBJC_LITERAL_CONVERSION = YES;
				CLANG_WARN_OBJC_ROOT_CLASS = YES_ERROR;
				CLANG_WARN_QUOTED_INCLUDE_IN_FRAMEWORK_HEADER = YES;
				CLANG_WARN_RANGE_LOOP_ANALYSIS = YES;
				CLANG_WARN_STRICT_PROTOTYPES = YES;
				CLANG_WARN_SUSPICIOUS_MOVE = YES;
				CLANG_WARN_UNGUARDED_AVAILABILITY = YES_AGGRESSIVE;
				CLANG_WARN_UNREACHABLE_CODE = YES;
				CLANG_WARN__DUPLICATE_METHOD_MATCH = YES;
				COPY_PHASE_STRIP = NO;
				DEBUG_INFORMATION_FORMAT = "dwarf-with-dsym";
				ENABLE_NS_ASSERTIONS = NO;
				ENABLE_STRICT_OBJC_MSGSEND = YES;
				GCC_C_LANGUAGE_STANDARD = gnu11;
				GCC_NO_COMMON_BLOCKS = YES;
				GCC_WARN_64_TO_32_BIT_CONVERSION = YES;
				GCC_WARN_ABOUT_RETURN_TYPE = YES_ERROR;
				GCC_WARN_UNDECLARED_SELECTOR = YES;
				GCC_WARN_UNINITIALIZED_AUTOS = YES_AGGRESSIVE;
				GCC_WARN_UNUSED_FUNCTION = YES;
				GCC_WARN_UNUSED_VARIABLE = YES;
				IPHONEOS_DEPLOYMENT_TARGET = 16.0;
				MTL_ENABLE_DEBUG_INFO = NO;
				MTL_FAST_MATH = YES;
				SDKROOT = iphoneos;
				SWIFT_COMPILATION_MODE = wholemodule;
				SWIFT_OPTIMIZATION_LEVEL = "-O";
				VALIDATE_PRODUCT = YES;
			};
			name = Release;
		};
		A6C2B7AD290E97B700B8491A /* Debug */ = {
			isa = XCBuildConfiguration;
			buildSettings = {
				ASSETCATALOG_COMPILER_APPICON_NAME = AppIcon;
				ASSETCATALOG_COMPILER_GLOBAL_ACCENT_COLOR_NAME = AccentColor;
				CODE_SIGN_STYLE = Automatic;
				CURRENT_PROJECT_VERSION = 1;
				DEVELOPMENT_TEAM = HK3DJJFRK7;
				GENERATE_INFOPLIST_FILE = YES;
				INFOPLIST_FILE = "Pop-flake/Info.plist";
				INFOPLIST_KEY_UIApplicationSupportsIndirectInputEvents = YES;
				INFOPLIST_KEY_UILaunchStoryboardName = LaunchScreen;
				INFOPLIST_KEY_UIMainStoryboardFile = Main;
				INFOPLIST_KEY_UISupportedInterfaceOrientations_iPad = "UIInterfaceOrientationPortrait UIInterfaceOrientationPortraitUpsideDown UIInterfaceOrientationLandscapeLeft UIInterfaceOrientationLandscapeRight";
				INFOPLIST_KEY_UISupportedInterfaceOrientations_iPhone = "UIInterfaceOrientationPortrait UIInterfaceOrientationLandscapeLeft UIInterfaceOrientationLandscapeRight";
				IPHONEOS_DEPLOYMENT_TARGET = 14.0;
				LD_RUNPATH_SEARCH_PATHS = (
					"$(inherited)",
					"@executable_path/Frameworks",
				);
				MARKETING_VERSION = 1.0;
				PRODUCT_BUNDLE_IDENTIFIER = "mostafa.Pop-flake";
				PRODUCT_NAME = "$(TARGET_NAME)";
				SWIFT_EMIT_LOC_STRINGS = YES;
				SWIFT_VERSION = 5.0;
				TARGETED_DEVICE_FAMILY = "1,2";
			};
			name = Debug;
		};
		A6C2B7AE290E97B700B8491A /* Release */ = {
			isa = XCBuildConfiguration;
			buildSettings = {
				ASSETCATALOG_COMPILER_APPICON_NAME = AppIcon;
				ASSETCATALOG_COMPILER_GLOBAL_ACCENT_COLOR_NAME = AccentColor;
				CODE_SIGN_STYLE = Automatic;
				CURRENT_PROJECT_VERSION = 1;
				DEVELOPMENT_TEAM = HK3DJJFRK7;
				GENERATE_INFOPLIST_FILE = YES;
				INFOPLIST_FILE = "Pop-flake/Info.plist";
				INFOPLIST_KEY_UIApplicationSupportsIndirectInputEvents = YES;
				INFOPLIST_KEY_UILaunchStoryboardName = LaunchScreen;
				INFOPLIST_KEY_UIMainStoryboardFile = Main;
				INFOPLIST_KEY_UISupportedInterfaceOrientations_iPad = "UIInterfaceOrientationPortrait UIInterfaceOrientationPortraitUpsideDown UIInterfaceOrientationLandscapeLeft UIInterfaceOrientationLandscapeRight";
				INFOPLIST_KEY_UISupportedInterfaceOrientations_iPhone = "UIInterfaceOrientationPortrait UIInterfaceOrientationLandscapeLeft UIInterfaceOrientationLandscapeRight";
				IPHONEOS_DEPLOYMENT_TARGET = 14.0;
				LD_RUNPATH_SEARCH_PATHS = (
					"$(inherited)",
					"@executable_path/Frameworks",
				);
				MARKETING_VERSION = 1.0;
				PRODUCT_BUNDLE_IDENTIFIER = "mostafa.Pop-flake";
				PRODUCT_NAME = "$(TARGET_NAME)";
				SWIFT_EMIT_LOC_STRINGS = YES;
				SWIFT_VERSION = 5.0;
				TARGETED_DEVICE_FAMILY = "1,2";
			};
			name = Release;
		};
		A6C2B7B0290E97B700B8491A /* Debug */ = {
			isa = XCBuildConfiguration;
			buildSettings = {
				ALWAYS_EMBED_SWIFT_STANDARD_LIBRARIES = YES;
				BUNDLE_LOADER = "$(TEST_HOST)";
				CODE_SIGN_STYLE = Automatic;
				CURRENT_PROJECT_VERSION = 1;
				DEVELOPMENT_TEAM = HK3DJJFRK7;
				GENERATE_INFOPLIST_FILE = YES;
				IPHONEOS_DEPLOYMENT_TARGET = 16.0;
				MARKETING_VERSION = 1.0;
				PRODUCT_BUNDLE_IDENTIFIER = "mostafa.Pop-flakeTests";
				PRODUCT_NAME = "$(TARGET_NAME)";
				SWIFT_EMIT_LOC_STRINGS = NO;
				SWIFT_VERSION = 5.0;
				TARGETED_DEVICE_FAMILY = "1,2";
				TEST_HOST = "$(BUILT_PRODUCTS_DIR)/Pop-flake.app/$(BUNDLE_EXECUTABLE_FOLDER_PATH)/Pop-flake";
			};
			name = Debug;
		};
		A6C2B7B1290E97B700B8491A /* Release */ = {
			isa = XCBuildConfiguration;
			buildSettings = {
				ALWAYS_EMBED_SWIFT_STANDARD_LIBRARIES = YES;
				BUNDLE_LOADER = "$(TEST_HOST)";
				CODE_SIGN_STYLE = Automatic;
				CURRENT_PROJECT_VERSION = 1;
				DEVELOPMENT_TEAM = HK3DJJFRK7;
				GENERATE_INFOPLIST_FILE = YES;
				IPHONEOS_DEPLOYMENT_TARGET = 16.0;
				MARKETING_VERSION = 1.0;
				PRODUCT_BUNDLE_IDENTIFIER = "mostafa.Pop-flakeTests";
				PRODUCT_NAME = "$(TARGET_NAME)";
				SWIFT_EMIT_LOC_STRINGS = NO;
				SWIFT_VERSION = 5.0;
				TARGETED_DEVICE_FAMILY = "1,2";
				TEST_HOST = "$(BUILT_PRODUCTS_DIR)/Pop-flake.app/$(BUNDLE_EXECUTABLE_FOLDER_PATH)/Pop-flake";
			};
			name = Release;
		};
		A6C2B7B3290E97B700B8491A /* Debug */ = {
			isa = XCBuildConfiguration;
			buildSettings = {
				ALWAYS_EMBED_SWIFT_STANDARD_LIBRARIES = YES;
				CODE_SIGN_STYLE = Automatic;
				CURRENT_PROJECT_VERSION = 1;
				DEVELOPMENT_TEAM = HK3DJJFRK7;
				GENERATE_INFOPLIST_FILE = YES;
				MARKETING_VERSION = 1.0;
				PRODUCT_BUNDLE_IDENTIFIER = "mostafa.Pop-flakeUITests";
				PRODUCT_NAME = "$(TARGET_NAME)";
				SWIFT_EMIT_LOC_STRINGS = NO;
				SWIFT_VERSION = 5.0;
				TARGETED_DEVICE_FAMILY = "1,2";
				TEST_TARGET_NAME = "Pop-flake";
			};
			name = Debug;
		};
		A6C2B7B4290E97B700B8491A /* Release */ = {
			isa = XCBuildConfiguration;
			buildSettings = {
				ALWAYS_EMBED_SWIFT_STANDARD_LIBRARIES = YES;
				CODE_SIGN_STYLE = Automatic;
				CURRENT_PROJECT_VERSION = 1;
				DEVELOPMENT_TEAM = HK3DJJFRK7;
				GENERATE_INFOPLIST_FILE = YES;
				MARKETING_VERSION = 1.0;
				PRODUCT_BUNDLE_IDENTIFIER = "mostafa.Pop-flakeUITests";
				PRODUCT_NAME = "$(TARGET_NAME)";
				SWIFT_EMIT_LOC_STRINGS = NO;
				SWIFT_VERSION = 5.0;
				TARGETED_DEVICE_FAMILY = "1,2";
				TEST_TARGET_NAME = "Pop-flake";
			};
			name = Release;
		};
/* End XCBuildConfiguration section */

/* Begin XCConfigurationList section */
		A6C2B77A290E97B500B8491A /* Build configuration list for PBXProject "Pop-flake" */ = {
			isa = XCConfigurationList;
			buildConfigurations = (
				A6C2B7AA290E97B700B8491A /* Debug */,
				A6C2B7AB290E97B700B8491A /* Release */,
			);
			defaultConfigurationIsVisible = 0;
			defaultConfigurationName = Release;
		};
		A6C2B7AC290E97B700B8491A /* Build configuration list for PBXNativeTarget "Pop-flake" */ = {
			isa = XCConfigurationList;
			buildConfigurations = (
				A6C2B7AD290E97B700B8491A /* Debug */,
				A6C2B7AE290E97B700B8491A /* Release */,
			);
			defaultConfigurationIsVisible = 0;
			defaultConfigurationName = Release;
		};
		A6C2B7AF290E97B700B8491A /* Build configuration list for PBXNativeTarget "Pop-flakeTests" */ = {
			isa = XCConfigurationList;
			buildConfigurations = (
				A6C2B7B0290E97B700B8491A /* Debug */,
				A6C2B7B1290E97B700B8491A /* Release */,
			);
			defaultConfigurationIsVisible = 0;
			defaultConfigurationName = Release;
		};
		A6C2B7B2290E97B700B8491A /* Build configuration list for PBXNativeTarget "Pop-flakeUITests" */ = {
			isa = XCConfigurationList;
			buildConfigurations = (
				A6C2B7B3290E97B700B8491A /* Debug */,
				A6C2B7B4290E97B700B8491A /* Release */,
			);
			defaultConfigurationIsVisible = 0;
			defaultConfigurationName = Release;
		};
/* End XCConfigurationList section */

/* Begin XCRemoteSwiftPackageReference section */
		A655A1B42911B88C001714E5 /* XCRemoteSwiftPackageReference "Eureka" */ = {
			isa = XCRemoteSwiftPackageReference;
			repositoryURL = "https://github.com/xmartlabs/Eureka";
			requirement = {
				kind = upToNextMajorVersion;
				minimumVersion = 5.0.0;
			};
		};
		A6E3EFEA290EF8E200DB32DC /* XCRemoteSwiftPackageReference "Kingfisher" */ = {
			isa = XCRemoteSwiftPackageReference;
			repositoryURL = "https://github.com/onevcat/Kingfisher";
			requirement = {
				kind = upToNextMajorVersion;
				minimumVersion = 7.0.0;
			};
		};
/* End XCRemoteSwiftPackageReference section */

/* Begin XCSwiftPackageProductDependency section */
		A655A1B52911B88C001714E5 /* Eureka */ = {
			isa = XCSwiftPackageProductDependency;
			package = A655A1B42911B88C001714E5 /* XCRemoteSwiftPackageReference "Eureka" */;
			productName = Eureka;
		};
		A6E3EFEB290EF8E200DB32DC /* Kingfisher */ = {
			isa = XCSwiftPackageProductDependency;
			package = A6E3EFEA290EF8E200DB32DC /* XCRemoteSwiftPackageReference "Kingfisher" */;
			productName = Kingfisher;
		};
/* End XCSwiftPackageProductDependency section */

/* Begin XCVersionGroup section */
		A6C2B78B290E97B500B8491A /* Pop_flake.xcdatamodeld */ = {
			isa = XCVersionGroup;
			children = (
				A6C2B78C290E97B500B8491A /* Pop_flake.xcdatamodel */,
			);
			currentVersion = A6C2B78C290E97B500B8491A /* Pop_flake.xcdatamodel */;
			path = Pop_flake.xcdatamodeld;
			sourceTree = "<group>";
			versionGroupType = wrapper.xcdatamodel;
		};
/* End XCVersionGroup section */
	};
	rootObject = A6C2B777290E97B500B8491A /* Project object */;
}
